Microsoft Visual Studio Solution File, Format Version 12.00
# Visual Studio Version 17
VisualStudioVersion = 17.5.2.0
MinimumVisualStudioVersion = 10.0.40219.1
Project("{2150E333-8FDC-42A3-9474-1A3956D46DE8}") = "OLock-CSharp", "OLock-CSharp", "{50079317-98B5-D293-6657-B60B739ED0B5}"
EndProject
Project("{FAE04EC0-301F-11D3-BF4B-00C04F79EFBC}") = "OLock", "OLock-CSharp\OLock.csproj", "{5121B616-FFE9-028D-1759-A380AB1C3E93}"
EndProject
Global
	GlobalSection(SolutionConfigurationPlatforms) = preSolution
		Debug|Any CPU = Debug|Any CPU
		Release|Any CPU = Release|Any CPU
	EndGlobalSection
	GlobalSection(ProjectConfigurationPlatforms) = postSolution
		{5121B616-FFE9-028D-1759-A380AB1C3E93}.Debug|Any CPU.ActiveCfg = Debug|Any CPU
		{5121B616-FFE9-028D-1759-A380AB1C3E93}.Debug|Any CPU.Build.0 = Debug|Any CPU
		{5121B616-FFE9-028D-1759-A380AB1C3E93}.Release|Any CPU.ActiveCfg = Release|Any CPU
		{5121B616-FFE9-028D-1759-A380AB1C3E93}.Release|Any CPU.Build.0 = Release|Any CPU
	EndGlobalSection
	GlobalSection(SolutionProperties) = preSolution
		HideSolutionNode = FALSE
	EndGlobalSection
	GlobalSection(NestedProjects) = preSolution
		{5121B616-FFE9-028D-1759-A380AB1C3E93} = {50079317-98B5-D293-6657-B60B739ED0B5}
	EndGlobalSection
	GlobalSection(ExtensibilityGlobals) = postSolution
		SolutionGuid = {814BC099-EB6E-42D6-A8A0-8858C5E066A0}
	EndGlobalSection
EndGlobal
